
Microsoft Visual Studio Solution File, Format Version 12.00
# Visual Studio Version 16
VisualStudioVersion = 16.0.30503.244
MinimumVisualStudioVersion = 10.0.40219.1
Project("{8BC9CEB8-8B4A-11D0-8D11-00A0C91BC942}") = "knot", "knot\knot.vcxproj", "{EC266153-973D-4906-BFE1-ED431F8CA255}"
EndProject
Global
	GlobalSection(SolutionConfigurationPlatforms) = preSolution
		Debug|x64 = Debug|x64
		Debug|x86 = Debug|x86
		Release|x64 = Release|x64
		Release|x86 = Release|x86
	EndGlobalSection
	GlobalSection(ProjectConfigurationPlatforms) = postSolution
		{EC266153-973D-4906-BFE1-ED431F8CA255}.Debug|x64.ActiveCfg = Debug|x64
		{EC266153-973D-4906-BFE1-ED431F8CA255}.Debug|x64.Build.0 = Debug|x64
		{EC266153-973D-4906-BFE1-ED431F8CA255}.Debug|x86.ActiveCfg = Debug|Win32
		{EC266153-973D-4906-BFE1-ED431F8CA255}.Debug|x86.Build.0 = Debug|Win32
		{EC266153-973D-4906-BFE1-ED431F8CA255}.Release|x64.ActiveCfg = Release|x64
		{EC266153-973D-4906-BFE1-ED431F8CA255}.Release|x64.Build.0 = Release|x64
		{EC266153-973D-4906-BFE1-ED431F8CA255}.Release|x86.ActiveCfg = Release|Win32
		{EC266153-973D-4906-BFE1-ED431F8CA255}.Release|x86.Build.0 = Release|Win32
	EndGlobalSection
	GlobalSection(SolutionProperties) = preSolution
		HideSolutionNode = FALSE
	EndGlobalSection
	GlobalSection(ExtensibilityGlobals) = postSolution
		SolutionGuid = {2FA9C7A0-FBE1-4C13-BB0F-78C27E0C0333}
	EndGlobalSection
EndGlobal
